
Microsoft Visual Studio Solution File, Format Version 12.00
# Visual Studio 2013
VisualStudioVersion = 12.0.31101.0
MinimumVisualStudioVersion = 10.0.40219.1
Project("{FAE04EC0-301F-11D3-BF4B-00C04F79EFBC}") = "LinkedListPuzzles", "LinkedListPuzzles\LinkedListPuzzles.csproj", "{D3CB0797-E4A7-4592-843A-D31A95AD4AED}"
EndProject
Global
	GlobalSection(SolutionConfigurationPlatforms) = preSolution
		Debug|Any CPU = Debug|Any CPU
		Release|Any CPU = Release|Any CPU
	EndGlobalSection
	GlobalSection(ProjectConfigurationPlatforms) = postSolution
		{D3CB0797-E4A7-4592-843A-D31A95AD4AED}.Debug|Any CPU.ActiveCfg = Debug|Any CPU
		{D3CB0797-E4A7-4592-843A-D31A95AD4AED}.Debug|Any CPU.Build.0 = Debug|Any CPU
		{D3CB0797-E4A7-4592-843A-D31A95AD4AED}.Release|Any CPU.ActiveCfg = Release|Any CPU
		{D3CB0797-E4A7-4592-843A-D31A95AD4AED}.Release|Any CPU.Build.0 = Release|Any CPU
	EndGlobalSection
	GlobalSection(SolutionProperties) = preSolution
		HideSolutionNode = FALSE
	EndGlobalSection
EndGlobal
